
Microsoft Visual Studio Solution File, Format Version 12.00
# Visual Studio Version 17
VisualStudioVersion = 17.9.34607.119
MinimumVisualStudioVersion = 10.0.40219.1
Project("{FAE04EC0-301F-11D3-BF4B-00C04F79EFBC}") = "Eulen by Niggahausen", "Eulen by Niggahausen\Eulen by Niggahausen.csproj", "{A6D3B60F-B323-4F34-B24C-F9EDEA2F2095}"
EndProject
Global
	GlobalSection(SolutionConfigurationPlatforms) = preSolution
		Debug|Any CPU = Debug|Any CPU
		Release|Any CPU = Release|Any CPU
	EndGlobalSection
	GlobalSection(ProjectConfigurationPlatforms) = postSolution
		{A6D3B60F-B323-4F34-B24C-F9EDEA2F2095}.Debug|Any CPU.ActiveCfg = Debug|Any CPU
		{A6D3B60F-B323-4F34-B24C-F9EDEA2F2095}.Debug|Any CPU.Build.0 = Debug|Any CPU
		{A6D3B60F-B323-4F34-B24C-F9EDEA2F2095}.Debug|Any CPU.Deploy.0 = Debug|Any CPU
		{A6D3B60F-B323-4F34-B24C-F9EDEA2F2095}.Release|Any CPU.ActiveCfg = Release|Any CPU
		{A6D3B60F-B323-4F34-B24C-F9EDEA2F2095}.Release|Any CPU.Build.0 = Release|Any CPU
		{A6D3B60F-B323-4F34-B24C-F9EDEA2F2095}.Release|Any CPU.Deploy.0 = Release|Any CPU
	EndGlobalSection
	GlobalSection(SolutionProperties) = preSolution
		HideSolutionNode = FALSE
	EndGlobalSection
	GlobalSection(ExtensibilityGlobals) = postSolution
		SolutionGuid = {E50DF322-23C5-4D7E-B29C-1A0E6104479F}
	EndGlobalSection
EndGlobal
